
Microsoft Visual Studio Solution File, Format Version 12.00
# Visual Studio 15
VisualStudioVersion = 15.0.28010.2050
MinimumVisualStudioVersion = 10.0.40219.1
Project("{FAE04EC0-301F-11D3-BF4B-00C04F79EFBC}") = "Projeto_Yakult_CA.Android", "Projeto_Yakult_CA\Projeto_Yakult_CA.Android\Projeto_Yakult_CA.Android.csproj", "{EEF62D62-CDF5-4B7D-A592-077F6B362A16}"
EndProject
Project("{FAE04EC0-301F-11D3-BF4B-00C04F79EFBC}") = "Projeto_Yakult_CA.iOS", "Projeto_Yakult_CA\Projeto_Yakult_CA.iOS\Projeto_Yakult_CA.iOS.csproj", "{AD18C71B-C426-4971-9270-26063B1E0BA8}"
EndProject
Project("{9A19103F-16F7-4668-BE54-9A1E7A4F7556}") = "Projeto_Yakult_CA", "Projeto_Yakult_CA\Projeto_Yakult_CA\Projeto_Yakult_CA.csproj", "{536EC5F3-16A2-4293-811C-59681BEADCDB}"
EndProject
Global
	GlobalSection(SolutionConfigurationPlatforms) = preSolution
		Ad-Hoc|Any CPU = Ad-Hoc|Any CPU
		Ad-Hoc|iPhone = Ad-Hoc|iPhone
		Ad-Hoc|iPhoneSimulator = Ad-Hoc|iPhoneSimulator
		AppStore|Any CPU = AppStore|Any CPU
		AppStore|iPhone = AppStore|iPhone
		AppStore|iPhoneSimulator = AppStore|iPhoneSimulator
		Debug|Any CPU = Debug|Any CPU
		Debug|iPhone = Debug|iPhone
		Debug|iPhoneSimulator = Debug|iPhoneSimulator
		Release|Any CPU = Release|Any CPU
		Release|iPhone = Release|iPhone
		Release|iPhoneSimulator = Release|iPhoneSimulator
	EndGlobalSection
	GlobalSection(ProjectConfigurationPlatforms) = postSolution
		{EEF62D62-CDF5-4B7D-A592-077F6B362A16}.Ad-Hoc|Any CPU.ActiveCfg = Release|Any CPU
		{EEF62D62-CDF5-4B7D-A592-077F6B362A16}.Ad-Hoc|Any CPU.Build.0 = Release|Any CPU
		{EEF62D62-CDF5-4B7D-A592-077F6B362A16}.Ad-Hoc|Any CPU.Deploy.0 = Release|Any CPU
		{EEF62D62-CDF5-4B7D-A592-077F6B362A16}.Ad-Hoc|iPhone.ActiveCfg = Release|Any CPU
		{EEF62D62-CDF5-4B7D-A592-077F6B362A16}.Ad-Hoc|iPhone.Build.0 = Release|Any CPU
		{EEF62D62-CDF5-4B7D-A592-077F6B362A16}.Ad-Hoc|iPhone.Deploy.0 = Release|Any CPU
		{EEF62D62-CDF5-4B7D-A592-077F6B362A16}.Ad-Hoc|iPhoneSimulator.ActiveCfg = Release|Any CPU
		{EEF62D62-CDF5-4B7D-A592-077F6B362A16}.Ad-Hoc|iPhoneSimulator.Build.0 = Release|Any CPU
		{EEF62D62-CDF5-4B7D-A592-077F6B362A16}.Ad-Hoc|iPhoneSimulator.Deploy.0 = Release|Any CPU
		{EEF62D62-CDF5-4B7D-A592-077F6B362A16}.AppStore|Any CPU.ActiveCfg = Release|Any CPU
		{EEF62D62-CDF5-4B7D-A592-077F6B362A16}.AppStore|Any CPU.Build.0 = Release|Any CPU
		{EEF62D62-CDF5-4B7D-A592-077F6B362A16}.AppStore|Any CPU.Deploy.0 = Release|Any CPU
		{EEF62D62-CDF5-4B7D-A592-077F6B362A16}.AppStore|iPhone.ActiveCfg = Release|Any CPU
		{EEF62D62-CDF5-4B7D-A592-077F6B362A16}.AppStore|iPhone.Build.0 = Release|Any CPU
		{EEF62D62-CDF5-4B7D-A592-077F6B362A16}.AppStore|iPhone.Deploy.0 = Release|Any CPU
		{EEF62D62-CDF5-4B7D-A592-077F6B362A16}.AppStore|iPhoneSimulator.ActiveCfg = Release|Any CPU
		{EEF62D62-CDF5-4B7D-A592-077F6B362A16}.AppStore|iPhoneSimulator.Build.0 = Release|Any CPU
		{EEF62D62-CDF5-4B7D-A592-077F6B362A16}.AppStore|iPhoneSimulator.Deploy.0 = Release|Any CPU
		{EEF62D62-CDF5-4B7D-A592-077F6B362A16}.Debug|Any CPU.ActiveCfg = Debug|Any CPU
		{EEF62D62-CDF5-4B7D-A592-077F6B362A16}.Debug|Any CPU.Build.0 = Debug|Any CPU
		{EEF62D62-CDF5-4B7D-A592-077F6B362A16}.Debug|Any CPU.Deploy.0 = Debug|Any CPU
		{EEF62D62-CDF5-4B7D-A592-077F6B362A16}.Debug|iPhone.ActiveCfg = Debug|Any CPU
		{EEF62D62-CDF5-4B7D-A592-077F6B362A16}.Debug|iPhone.Build.0 = Debug|Any CPU
		{EEF62D62-CDF5-4B7D-A592-077F6B362A16}.Debug|iPhone.Deploy.0 = Debug|Any CPU
		{EEF62D62-CDF5-4B7D-A592-077F6B362A16}.Debug|iPhoneSimulator.ActiveCfg = Debug|Any CPU
		{EEF62D62-CDF5-4B7D-A592-077F6B362A16}.Debug|iPhoneSimulator.Build.0 = Debug|Any CPU
		{EEF62D62-CDF5-4B7D-A592-077F6B362A16}.Debug|iPhoneSimulator.Deploy.0 = Debug|Any CPU
		{EEF62D62-CDF5-4B7D-A592-077F6B362A16}.Release|Any CPU.ActiveCfg = Release|Any CPU
		{EEF62D62-CDF5-4B7D-A592-077F6B362A16}.Release|Any CPU.Build.0 = Release|Any CPU
		{EEF62D62-CDF5-4B7D-A592-077F6B362A16}.Release|Any CPU.Deploy.0 = Release|Any CPU
		{EEF62D62-CDF5-4B7D-A592-077F6B362A16}.Release|iPhone.ActiveCfg = Release|Any CPU
		{EEF62D62-CDF5-4B7D-A592-077F6B362A16}.Release|iPhone.Build.0 = Release|Any CPU
		{EEF62D62-CDF5-4B7D-A592-077F6B362A16}.Release|iPhone.Deploy.0 = Release|Any CPU
		{EEF62D62-CDF5-4B7D-A592-077F6B362A16}.Release|iPhoneSimulator.ActiveCfg = Release|Any CPU
		{EEF62D62-CDF5-4B7D-A592-077F6B362A16}.Release|iPhoneSimulator.Build.0 = Release|Any CPU
		{EEF62D62-CDF5-4B7D-A592-077F6B362A16}.Release|iPhoneSimulator.Deploy.0 = Release|Any CPU
		{AD18C71B-C426-4971-9270-26063B1E0BA8}.Ad-Hoc|Any CPU.ActiveCfg = Ad-Hoc|iPhone
		{AD18C71B-C426-4971-9270-26063B1E0BA8}.Ad-Hoc|Any CPU.Build.0 = Ad-Hoc|iPhone
		{AD18C71B-C426-4971-9270-26063B1E0BA8}.Ad-Hoc|Any CPU.Deploy.0 = Ad-Hoc|iPhone
		{AD18C71B-C426-4971-9270-26063B1E0BA8}.Ad-Hoc|iPhone.ActiveCfg = Ad-Hoc|iPhone
		{AD18C71B-C426-4971-9270-26063B1E0BA8}.Ad-Hoc|iPhone.Build.0 = Ad-Hoc|iPhone
		{AD18C71B-C426-4971-9270-26063B1E0BA8}.Ad-Hoc|iPhone.Deploy.0 = Ad-Hoc|iPhone
		{AD18C71B-C426-4971-9270-26063B1E0BA8}.Ad-Hoc|iPhoneSimulator.ActiveCfg = Ad-Hoc|iPhoneSimulator
		{AD18C71B-C426-4971-9270-26063B1E0BA8}.Ad-Hoc|iPhoneSimulator.Build.0 = Ad-Hoc|iPhoneSimulator
		{AD18C71B-C426-4971-9270-26063B1E0BA8}.Ad-Hoc|iPhoneSimulator.Deploy.0 = Ad-Hoc|iPhoneSimulator
		{AD18C71B-C426-4971-9270-26063B1E0BA8}.AppStore|Any CPU.ActiveCfg = AppStore|iPhone
		{AD18C71B-C426-4971-9270-26063B1E0BA8}.AppStore|Any CPU.Build.0 = AppStore|iPhone
		{AD18C71B-C426-4971-9270-26063B1E0BA8}.AppStore|Any CPU.Deploy.0 = AppStore|iPhone
		{AD18C71B-C426-4971-9270-26063B1E0BA8}.AppStore|iPhone.ActiveCfg = AppStore|iPhone
		{AD18C71B-C426-4971-9270-26063B1E0BA8}.AppStore|iPhone.Build.0 = AppStore|iPhone
		{AD18C71B-C426-4971-9270-26063B1E0BA8}.AppStore|iPhone.Deploy.0 = AppStore|iPhone
		{AD18C71B-C426-4971-9270-26063B1E0BA8}.AppStore|iPhoneSimulator.ActiveCfg = AppStore|iPhoneSimulator
		{AD18C71B-C426-4971-9270-26063B1E0BA8}.AppStore|iPhoneSimulator.Build.0 = AppStore|iPhoneSimulator
		{AD18C71B-C426-4971-9270-26063B1E0BA8}.AppStore|iPhoneSimulator.Deploy.0 = AppStore|iPhoneSimulator
		{AD18C71B-C426-4971-9270-26063B1E0BA8}.Debug|Any CPU.ActiveCfg = Debug|iPhoneSimulator
		{AD18C71B-C426-4971-9270-26063B1E0BA8}.Debug|Any CPU.Build.0 = Debug|iPhoneSimulator
		{AD18C71B-C426-4971-9270-26063B1E0BA8}.Debug|Any CPU.Deploy.0 = Debug|iPhoneSimulator
		{AD18C71B-C426-4971-9270-26063B1E0BA8}.Debug|iPhone.ActiveCfg = Debug|iPhone
		{AD18C71B-C426-4971-9270-26063B1E0BA8}.Debug|iPhone.Build.0 = Debug|iPhone
		{AD18C71B-C426-4971-9270-26063B1E0BA8}.Debug|iPhone.Deploy.0 = Debug|iPhone
		{AD18C71B-C426-4971-9270-26063B1E0BA8}.Debug|iPhoneSimulator.ActiveCfg = Debug|iPhoneSimulator
		{AD18C71B-C426-4971-9270-26063B1E0BA8}.Debug|iPhoneSimulator.Build.0 = Debug|iPhoneSimulator
		{AD18C71B-C426-4971-9270-26063B1E0BA8}.Debug|iPhoneSimulator.Deploy.0 = Debug|iPhoneSimulator
		{AD18C71B-C426-4971-9270-26063B1E0BA8}.Release|Any CPU.ActiveCfg = Release|iPhone
		{AD18C71B-C426-4971-9270-26063B1E0BA8}.Release|Any CPU.Build.0 = Release|iPhone
		{AD18C71B-C426-4971-9270-26063B1E0BA8}.Release|Any CPU.Deploy.0 = Release|iPhone
		{AD18C71B-C426-4971-9270-26063B1E0BA8}.Release|iPhone.ActiveCfg = Release|iPhone
		{AD18C71B-C426-4971-9270-26063B1E0BA8}.Release|iPhone.Build.0 = Release|iPhone
		{AD18C71B-C426-4971-9270-26063B1E0BA8}.Release|iPhone.Deploy.0 = Release|iPhone
		{AD18C71B-C426-4971-9270-26063B1E0BA8}.Release|iPhoneSimulator.ActiveCfg = Release|iPhoneSimulator
		{AD18C71B-C426-4971-9270-26063B1E0BA8}.Release|iPhoneSimulator.Build.0 = Release|iPhoneSimulator
		{AD18C71B-C426-4971-9270-26063B1E0BA8}.Release|iPhoneSimulator.Deploy.0 = Release|iPhoneSimulator
		{536EC5F3-16A2-4293-811C-59681BEADCDB}.Ad-Hoc|Any CPU.ActiveCfg = Debug|Any CPU
		{536EC5F3-16A2-4293-811C-59681BEADCDB}.Ad-Hoc|Any CPU.Build.0 = Debug|Any CPU
		{536EC5F3-16A2-4293-811C-59681BEADCDB}.Ad-Hoc|Any CPU.Deploy.0 = Debug|Any CPU
		{536EC5F3-16A2-4293-811C-59681BEADCDB}.Ad-Hoc|iPhone.ActiveCfg = Debug|Any CPU
		{536EC5F3-16A2-4293-811C-59681BEADCDB}.Ad-Hoc|iPhone.Build.0 = Debug|Any CPU
		{536EC5F3-16A2-4293-811C-59681BEADCDB}.Ad-Hoc|iPhone.Deploy.0 = Debug|Any CPU
		{536EC5F3-16A2-4293-811C-59681BEADCDB}.Ad-Hoc|iPhoneSimulator.ActiveCfg = Debug|Any CPU
		{536EC5F3-16A2-4293-811C-59681BEADCDB}.Ad-Hoc|iPhoneSimulator.Build.0 = Debug|Any CPU
		{536EC5F3-16A2-4293-811C-59681BEADCDB}.Ad-Hoc|iPhoneSimulator.Deploy.0 = Debug|Any CPU
		{536EC5F3-16A2-4293-811C-59681BEADCDB}.AppStore|Any CPU.ActiveCfg = Debug|Any CPU
		{536EC5F3-16A2-4293-811C-59681BEADCDB}.AppStore|Any CPU.Build.0 = Debug|Any CPU
		{536EC5F3-16A2-4293-811C-59681BEADCDB}.AppStore|Any CPU.Deploy.0 = Debug|Any CPU
		{536EC5F3-16A2-4293-811C-59681BEADCDB}.AppStore|iPhone.ActiveCfg = Debug|Any CPU
		{536EC5F3-16A2-4293-811C-59681BEADCDB}.AppStore|iPhone.Build.0 = Debug|Any CPU
		{536EC5F3-16A2-4293-811C-59681BEADCDB}.AppStore|iPhone.Deploy.0 = Debug|Any CPU
		{536EC5F3-16A2-4293-811C-59681BEADCDB}.AppStore|iPhoneSimulator.ActiveCfg = Debug|Any CPU
		{536EC5F3-16A2-4293-811C-59681BEADCDB}.AppStore|iPhoneSimulator.Build.0 = Debug|Any CPU
		{536EC5F3-16A2-4293-811C-59681BEADCDB}.AppStore|iPhoneSimulator.Deploy.0 = Debug|Any CPU
		{536EC5F3-16A2-4293-811C-59681BEADCDB}.Debug|Any CPU.ActiveCfg = Debug|Any CPU
		{536EC5F3-16A2-4293-811C-59681BEADCDB}.Debug|Any CPU.Build.0 = Debug|Any CPU
		{536EC5F3-16A2-4293-811C-59681BEADCDB}.Debug|Any CPU.Deploy.0 = Debug|Any CPU
		{536EC5F3-16A2-4293-811C-59681BEADCDB}.Debug|iPhone.ActiveCfg = Debug|Any CPU
		{536EC5F3-16A2-4293-811C-59681BEADCDB}.Debug|iPhone.Build.0 = Debug|Any CPU
		{536EC5F3-16A2-4293-811C-59681BEADCDB}.Debug|iPhone.Deploy.0 = Debug|Any CPU
		{536EC5F3-16A2-4293-811C-59681BEADCDB}.Debug|iPhoneSimulator.ActiveCfg = Debug|Any CPU
		{536EC5F3-16A2-4293-811C-59681BEADCDB}.Debug|iPhoneSimulator.Build.0 = Debug|Any CPU
		{536EC5F3-16A2-4293-811C-59681BEADCDB}.Debug|iPhoneSimulator.Deploy.0 = Debug|Any CPU
		{536EC5F3-16A2-4293-811C-59681BEADCDB}.Release|Any CPU.ActiveCfg = Release|Any CPU
		{536EC5F3-16A2-4293-811C-59681BEADCDB}.Release|Any CPU.Build.0 = Release|Any CPU
		{536EC5F3-16A2-4293-811C-59681BEADCDB}.Release|Any CPU.Deploy.0 = Release|Any CPU
		{536EC5F3-16A2-4293-811C-59681BEADCDB}.Release|iPhone.ActiveCfg = Release|Any CPU
		{536EC5F3-16A2-4293-811C-59681BEADCDB}.Release|iPhone.Build.0 = Release|Any CPU
		{536EC5F3-16A2-4293-811C-59681BEADCDB}.Release|iPhone.Deploy.0 = Release|Any CPU
		{536EC5F3-16A2-4293-811C-59681BEADCDB}.Release|iPhoneSimulator.ActiveCfg = Release|Any CPU
		{536EC5F3-16A2-4293-811C-59681BEADCDB}.Release|iPhoneSimulator.Build.0 = Release|Any CPU
		{536EC5F3-16A2-4293-811C-59681BEADCDB}.Release|iPhoneSimulator.Deploy.0 = Release|Any CPU
	EndGlobalSection
	GlobalSection(SolutionProperties) = preSolution
		HideSolutionNode = FALSE
	EndGlobalSection
	GlobalSection(ExtensibilityGlobals) = postSolution
		SolutionGuid = {6ED558EF-0CC8-439D-A586-A86C395BB994}
	EndGlobalSection
	GlobalSection(TeamFoundationVersionControl) = preSolution
		SccNumberOfProjects = 4
		SccEnterpriseProvider = {4CA58AB2-18FA-4F8D-95D4-32DDF27D184C}
		SccTeamFoundationServer = http://ptadb1:8080/tfs/defaultcollection
		SccLocalPath0 = .
		SccProjectUniqueName1 = Projeto_Yakult_CA\\Projeto_Yakult_CA.Android\\Projeto_Yakult_CA.Android.csproj
		SccProjectName1 = Projeto_Yakult_CA/Projeto_Yakult_CA.Android
		SccLocalPath1 = Projeto_Yakult_CA\\Projeto_Yakult_CA.Android
		SccProjectUniqueName2 = Projeto_Yakult_CA\\Projeto_Yakult_CA.iOS\\Projeto_Yakult_CA.iOS.csproj
		SccProjectName2 = Projeto_Yakult_CA/Projeto_Yakult_CA.iOS
		SccLocalPath2 = Projeto_Yakult_CA\\Projeto_Yakult_CA.iOS
		SccProjectUniqueName3 = Projeto_Yakult_CA\\Projeto_Yakult_CA\\Projeto_Yakult_CA.csproj
		SccProjectName3 = Projeto_Yakult_CA/Projeto_Yakult_CA
		SccLocalPath3 = Projeto_Yakult_CA\\Projeto_Yakult_CA
	EndGlobalSection
EndGlobal
